schema: '2.0'
stages:
  prepare-data:
    cmd: make elt-data
    deps:
    - path: data/raw
      md5: 4382c1d977abdb84b8ee8f654c0dd232.dir
      size: 13586309
      nfiles: 8
    - path: main.py
      md5: 4b5566b1e6a2a6dd968a22832ee17bb7
      size: 765
    - path: powr
      md5: 4e536f484f9f143f3463ae08d073ba68.dir
      size: 8515
      nfiles: 9
    outs:
    - path: data/clean/data.csv
      md5: eb8ba10f23fe9a05f14d1bf580999a8c
      size: 2742910
  clean-data:
    cmd: make elt-data
    deps:
    - path: data/raw
      md5: 4382c1d977abdb84b8ee8f654c0dd232.dir
      size: 13586309
      nfiles: 8
    - path: main.py
      md5: 079209d74751b62dd463ec0520021a2d
      size: 2859
    - path: powr
      md5: 9865c864d4c5f91e680dc68c3d2cbc3c.dir
      size: 39299
      nfiles: 13
    outs:
    - path: data/clean/data.csv
      md5: 1a7a096c4789c90e3f56d8c58cc7ca74
      size: 10314936
  preprocess-data:
    cmd: make preprocess-data
    deps:
    - path: data/clean/data.csv
      md5: eb8ba10f23fe9a05f14d1bf580999a8c
      size: 2742910
    - path: main.py
      md5: f6142f9a5cf9ec735e3534fe37ec999a
      size: 3417
    - path: powr
      md5: 18803c39c2ba668748b1792433071acf.dir
      size: 30362
      nfiles: 13
    outs:
    - path: data/preprocessed/data.csv
      md5: 4db895341d35fc99a86c23e3f09311f5
      size: 5841370
  generate-dataset:
    cmd: make generate-dataset
    deps:
    - path: data/clean/data.csv
      md5: 1a7a096c4789c90e3f56d8c58cc7ca74
      size: 10314936
    - path: main.py
      md5: 079209d74751b62dd463ec0520021a2d
      size: 2859
    - path: powr
      md5: 9865c864d4c5f91e680dc68c3d2cbc3c.dir
      size: 39299
      nfiles: 13
    outs:
    - path: data/dataset/test.csv
      md5: 6a76e8f7341e7fed6986b173785599d6
      size: 1074393
    - path: data/dataset/train.csv
      md5: 3d3fb77c8f06df9e91ae1333d180a776
      size: 7564069
    - path: data/dataset/val.csv
      md5: fa8f75e314645da899f3ba6639c6e8a1
      size: 2163844
    - path: models/scaler.pkl
      md5: 7c512149ec2ff0520d5f03f726c56df3
      size: 1359
  train-model:
    cmd: make train-model
    deps:
    - path: data/dataset/test.csv
      md5: 6a76e8f7341e7fed6986b173785599d6
      size: 1074393
    - path: data/dataset/train.csv
      md5: 3d3fb77c8f06df9e91ae1333d180a776
      size: 7564069
    - path: data/dataset/val.csv
      md5: fa8f75e314645da899f3ba6639c6e8a1
      size: 2163844
    - path: main.py
      md5: 079209d74751b62dd463ec0520021a2d
      size: 2859
    - path: powr
      md5: 9865c864d4c5f91e680dc68c3d2cbc3c.dir
      size: 39299
      nfiles: 13
    outs:
    - path: models/linear_model
      md5: ec21b5d3cb3f006918349d74f98b590f.dir
      size: 293435
      nfiles: 4
