schema: '2.0'
stages:
  prepare-data:
    cmd: make elt-data
    deps:
    - path: data/raw
      md5: 4382c1d977abdb84b8ee8f654c0dd232.dir
      size: 13586309
      nfiles: 8
    - path: main.py
      md5: 4b5566b1e6a2a6dd968a22832ee17bb7
      size: 765
    - path: powr
      md5: 4e536f484f9f143f3463ae08d073ba68.dir
      size: 8515
      nfiles: 9
    outs:
    - path: data/clean/data.csv
      md5: eb8ba10f23fe9a05f14d1bf580999a8c
      size: 2742910
  clean-data:
    cmd: make elt-data
    deps:
    - path: data/raw
      md5: 4382c1d977abdb84b8ee8f654c0dd232.dir
      size: 13586309
      nfiles: 8
    - path: main.py
      md5: f6142f9a5cf9ec735e3534fe37ec999a
      size: 3417
    - path: powr
      md5: 18803c39c2ba668748b1792433071acf.dir
      size: 30362
      nfiles: 13
    outs:
    - path: data/clean/data.csv
      md5: eb8ba10f23fe9a05f14d1bf580999a8c
      size: 2742910
  preprocess-data:
    cmd: make preprocess-data
    deps:
    - path: data/clean/data.csv
      md5: eb8ba10f23fe9a05f14d1bf580999a8c
      size: 2742910
    - path: main.py
      md5: f6142f9a5cf9ec735e3534fe37ec999a
      size: 3417
    - path: powr
      md5: 18803c39c2ba668748b1792433071acf.dir
      size: 30362
      nfiles: 13
    outs:
    - path: data/preprocessed/data.csv
      md5: 4db895341d35fc99a86c23e3f09311f5
      size: 5841370
  generate-dataset:
    cmd: make generate-dataset
    deps:
    - path: data/preprocessed/data.csv
      md5: 4db895341d35fc99a86c23e3f09311f5
      size: 5841370
    - path: main.py
      md5: f6142f9a5cf9ec735e3534fe37ec999a
      size: 3417
    - path: powr
      md5: 18803c39c2ba668748b1792433071acf.dir
      size: 30362
      nfiles: 13
    outs:
    - path: data/dataset/test.csv
      md5: fee7d09f656002fa82bc87c11476c1b2
      size: 677073
    - path: data/dataset/train.csv
      md5: 4e41fe267a41d555a756a446dbbf355e
      size: 4737703
    - path: data/dataset/val.csv
      md5: f95a08de9b81505f13d3032370b84895
      size: 1351226
  train-model:
    cmd: make train-model
    deps:
    - path: data/dataset/test.csv
      md5: fee7d09f656002fa82bc87c11476c1b2
      size: 677073
    - path: data/dataset/train.csv
      md5: 4e41fe267a41d555a756a446dbbf355e
      size: 4737703
    - path: data/dataset/val.csv
      md5: f95a08de9b81505f13d3032370b84895
      size: 1351226
    - path: main.py
      md5: f6142f9a5cf9ec735e3534fe37ec999a
      size: 3417
    - path: powr
      md5: 18803c39c2ba668748b1792433071acf.dir
      size: 30362
      nfiles: 13
    outs:
    - path: models/linear_model
      md5: d8ebf6b6465d76deed0891859cff448f.dir
      size: 203461
      nfiles: 4
